
Microsoft Visual Studio Solution File, Format Version 12.00
# Visual Studio Version 17
VisualStudioVersion = 17.14.36915.13
MinimumVisualStudioVersion = 10.0.40219.1
Project("{FAE04EC0-301F-11D3-BF4B-00C04F79EFBC}") = "framework", "framework\framework.csproj", "{E1DCCDBD-5459-47E4-A28D-F3321FDC06A9}"
EndProject
Project("{FAE04EC0-301F-11D3-BF4B-00C04F79EFBC}") = "VideoMaster.Tests", "VideoMaster.Tests\VideoMaster.Tests.csproj", "{C98ADCAC-60B6-477B-A6E1-431F40CDDEE8}"
EndProject
Global
	GlobalSection(SolutionConfigurationPlatforms) = preSolution
		Debug|Any CPU = Debug|Any CPU
		Debug|x64 = Debug|x64
		Debug|x86 = Debug|x86
		Release|Any CPU = Release|Any CPU
		Release|x64 = Release|x64
		Release|x86 = Release|x86
	EndGlobalSection
	GlobalSection(ProjectConfigurationPlatforms) = postSolution
		{E1DCCDBD-5459-47E4-A28D-F3321FDC06A9}.Debug|Any CPU.ActiveCfg = Debug|Any CPU
		{E1DCCDBD-5459-47E4-A28D-F3321FDC06A9}.Debug|Any CPU.Build.0 = Debug|Any CPU
		{E1DCCDBD-5459-47E4-A28D-F3321FDC06A9}.Debug|x64.ActiveCfg = Debug|Any CPU
		{E1DCCDBD-5459-47E4-A28D-F3321FDC06A9}.Debug|x64.Build.0 = Debug|Any CPU
		{E1DCCDBD-5459-47E4-A28D-F3321FDC06A9}.Debug|x86.ActiveCfg = Debug|Any CPU
		{E1DCCDBD-5459-47E4-A28D-F3321FDC06A9}.Debug|x86.Build.0 = Debug|Any CPU
		{E1DCCDBD-5459-47E4-A28D-F3321FDC06A9}.Release|Any CPU.ActiveCfg = Release|Any CPU
		{E1DCCDBD-5459-47E4-A28D-F3321FDC06A9}.Release|Any CPU.Build.0 = Release|Any CPU
		{E1DCCDBD-5459-47E4-A28D-F3321FDC06A9}.Release|x64.ActiveCfg = Release|Any CPU
		{E1DCCDBD-5459-47E4-A28D-F3321FDC06A9}.Release|x64.Build.0 = Release|Any CPU
		{E1DCCDBD-5459-47E4-A28D-F3321FDC06A9}.Release|x86.ActiveCfg = Release|Any CPU
		{E1DCCDBD-5459-47E4-A28D-F3321FDC06A9}.Release|x86.Build.0 = Release|Any CPU
		{C98ADCAC-60B6-477B-A6E1-431F40CDDEE8}.Debug|Any CPU.ActiveCfg = Debug|Any CPU
		{C98ADCAC-60B6-477B-A6E1-431F40CDDEE8}.Debug|Any CPU.Build.0 = Debug|Any CPU
		{C98ADCAC-60B6-477B-A6E1-431F40CDDEE8}.Debug|x64.ActiveCfg = Debug|Any CPU
		{C98ADCAC-60B6-477B-A6E1-431F40CDDEE8}.Debug|x64.Build.0 = Debug|Any CPU
		{C98ADCAC-60B6-477B-A6E1-431F40CDDEE8}.Debug|x86.ActiveCfg = Debug|Any CPU
		{C98ADCAC-60B6-477B-A6E1-431F40CDDEE8}.Debug|x86.Build.0 = Debug|Any CPU
		{C98ADCAC-60B6-477B-A6E1-431F40CDDEE8}.Release|Any CPU.ActiveCfg = Release|Any CPU
		{C98ADCAC-60B6-477B-A6E1-431F40CDDEE8}.Release|Any CPU.Build.0 = Release|Any CPU
		{C98ADCAC-60B6-477B-A6E1-431F40CDDEE8}.Release|x64.ActiveCfg = Release|Any CPU
		{C98ADCAC-60B6-477B-A6E1-431F40CDDEE8}.Release|x64.Build.0 = Release|Any CPU
		{C98ADCAC-60B6-477B-A6E1-431F40CDDEE8}.Release|x86.ActiveCfg = Release|Any CPU
		{C98ADCAC-60B6-477B-A6E1-431F40CDDEE8}.Release|x86.Build.0 = Release|Any CPU
	EndGlobalSection
	GlobalSection(SolutionProperties) = preSolution
		HideSolutionNode = FALSE
	EndGlobalSection
	GlobalSection(ExtensibilityGlobals) = postSolution
		SolutionGuid = {96CF973D-9CBE-44EE-854A-62A1385346ED}
	EndGlobalSection
EndGlobal
